
Microsoft Visual Studio Solution File, Format Version 12.00
# Visual Studio Version 17
VisualStudioVersion = 17.14.36310.24 d17.14
MinimumVisualStudioVersion = 10.0.40219.1
Project("{FAE04EC0-301F-11D3-BF4B-00C04F79EFBC}") = "EniacArtillerySimulation", "EniacArtillerySimulation.csproj", "{C95A2FE8-DDA3-4C8F-91A3-F684316CF14E}"
EndProject
Global
	GlobalSection(SolutionConfigurationPlatforms) = preSolution
		Debug|Any CPU = Debug|Any CPU
		Release|Any CPU = Release|Any CPU
	EndGlobalSection
	GlobalSection(ProjectConfigurationPlatforms) = postSolution
		{C95A2FE8-DDA3-4C8F-91A3-F684316CF14E}.Debug|Any CPU.ActiveCfg = Debug|Any CPU
		{C95A2FE8-DDA3-4C8F-91A3-F684316CF14E}.Debug|Any CPU.Build.0 = Debug|Any CPU
		{C95A2FE8-DDA3-4C8F-91A3-F684316CF14E}.Release|Any CPU.ActiveCfg = Release|Any CPU
		{C95A2FE8-DDA3-4C8F-91A3-F684316CF14E}.Release|Any CPU.Build.0 = Release|Any CPU
	EndGlobalSection
	GlobalSection(SolutionProperties) = preSolution
		HideSolutionNode = FALSE
	EndGlobalSection
	GlobalSection(ExtensibilityGlobals) = postSolution
		SolutionGuid = {9229B240-18BA-4E02-9A91-7C048D025649}
	EndGlobalSection
EndGlobal
